lockfileVersion: '9.0'

settings:
  autoInstallPeers: true
  excludeLinksFromLockfile: false

importers:

  .:
    dependencies:
      '@sinclair/typebox':
        specifier: ^0.34.33
        version: 0.34.33
      '@twurple/api':
        specifier: ^7.3.0
        version: 7.3.0(@twurple/auth@7.3.0)
      '@twurple/auth':
        specifier: ^7.3.0
        version: 7.3.0
      '@twurple/chat':
        specifier: ^7.3.0
        version: 7.3.0(@twurple/auth@7.3.0)
      '@twurple/common':
        specifier: ^7.3.0
        version: 7.3.0
      '@twurple/eventsub-base':
        specifier: ^7.3.0
        version: 7.3.0
      '@twurple/eventsub-ws':
        specifier: ^7.3.0
        version: 7.3.0(@twurple/api@7.3.0(@twurple/auth@7.3.0))
      avsc:
        specifier: ^5.7.7
        version: 5.7.7
      collections:
        specifier: ^5.1.13
        version: 5.1.13
      immer:
        specifier: ^10.1.1
        version: 10.1.1
      mnemonist:
        specifier: ^0.40.3
        version: 0.40.3
      prettier:
        specifier: ^3.5.3
        version: 3.5.3
      simple-backoff:
        specifier: ^1.1.0
        version: 1.1.0
      simple-token-bucket:
        specifier: ^2.0.1
        version: 2.0.1
      tmi.js:
        specifier: ^1.8.5
        version: 1.8.5
      typescript:
        specifier: ^5.8.3
        version: 5.8.3
      ws:
        specifier: ^8.18.2
        version: 8.18.2
    devDependencies:
      '@types/node':
        specifier: ^22.15.17
        version: 22.15.17
      '@types/tmi.js':
        specifier: ^1.8.6
        version: 1.8.6
      '@types/ws':
        specifier: ^8.18.1
        version: 8.18.1
      tsx:
        specifier: ^4.19.4
        version: 4.19.4

packages:

  '@d-fischer/cache-decorators@4.0.1':
    resolution: {integrity: sha512-HNYLBLWs/t28GFZZeqdIBqq8f37mqDIFO6xNPof94VjpKvuP6ROqCZGafx88dk5zZUlBfViV9jD8iNNlXfc4CA==}

  '@d-fischer/connection@9.0.0':
    resolution: {integrity: sha512-Mljp/EbaE+eYWfsFXUOk+RfpbHgrWGL/60JkAvjYixw6KREfi5r17XdUiXe54ByAQox6jwgdN2vebdmW1BT+nQ==}

  '@d-fischer/cross-fetch@5.0.5':
    resolution: {integrity: sha512-symjDUPInTrkfIsZc2n2mo9hiAJLcTJsZkNICjZajEWnWpJ3s3zn50/FY8xpNUAf5w3eFuQii2wxztTGpvG1Xg==}

  '@d-fischer/deprecate@2.0.2':
    resolution: {integrity: sha512-wlw3HwEanJFJKctwLzhfOM6LKwR70FPfGZGoKOhWBKyOPXk+3a9Cc6S9zhm6tka7xKtpmfxVIReGUwPnMbIaZg==}

  '@d-fischer/detect-node@3.0.1':
    resolution: {integrity: sha512-0Rf3XwTzuTh8+oPZW9SfxTIiL+26RRJ0BRPwj5oVjZFyFKmsj9RGfN2zuTRjOuA3FCK/jYm06HOhwNK+8Pfv8w==}

  '@d-fischer/escape-string-regexp@5.0.0':
    resolution: {integrity: sha512-7eoxnxcto5eVPW5h1T+ePnVFukmI9f/ZR9nlBLh1t3kyzJDUNor2C+YW9H/Terw3YnbZSDgDYrpCJCHtOtAQHw==}
    engines: {node: '>=10'}

  '@d-fischer/isomorphic-ws@7.0.2':
    resolution: {integrity: sha512-xK+qIJUF0ne3dsjq5Y3BviQ4M+gx9dzkN+dPP7abBMje4YRfow+X9jBgeEoTe5e+Q6+8hI9R0b37Okkk8Vf0hQ==}
    peerDependencies:
      ws: ^8.2.0

  '@d-fischer/logger@4.2.3':
    resolution: {integrity: sha512-mJUx9OgjrNVLQa4od/+bqnmD164VTCKnK5B4WOW8TX5y/3w2i58p+PMRE45gUuFjk2BVtOZUg55JQM3d619fdw==}

  '@d-fischer/qs@7.0.2':
    resolution: {integrity: sha512-yAu3xDooiL+ef84Jo8nLjDjWBRk7RXk163Y6aTvRB7FauYd3spQD/dWvgT7R4CrN54Juhrrc3dMY7mc+jZGurQ==}
    engines: {node: '>=0.6'}

  '@d-fischer/rate-limiter@1.1.0':
    resolution: {integrity: sha512-O5HgACwApyCZhp4JTEBEtbv/W3eAwEkrARFvgWnEsDmXgCMWjIHwohWoHre5BW6IYXFSHBGsuZB/EvNL3942kQ==}

  '@d-fischer/shared-utils@3.6.4':
    resolution: {integrity: sha512-BPkVLHfn2Lbyo/ENDBwtEB8JVQ+9OzkjJhUunLaxkw4k59YFlQxUUwlDBejVSFcpQT0t+D3CQlX+ySZnQj0wxw==}

  '@d-fischer/typed-event-emitter@3.3.3':
    resolution: {integrity: sha512-OvSEOa8icfdWDqcRtjSEZtgJTFOFNgTjje7zaL0+nAtu2/kZtRCSK5wUMrI/aXtCH8o0Qz2vA8UqkhWUTARFQQ==}

  '@esbuild/aix-ppc64@0.25.4':
    resolution: {integrity: sha512-1VCICWypeQKhVbE9oW/sJaAmjLxhVqacdkvPLEjwlttjfwENRSClS8EjBz0KzRyFSCPDIkuXW34Je/vk7zdB7Q==}
    engines: {node: '>=18'}
    cpu: [ppc64]
    os: [aix]

  '@esbuild/android-arm64@0.25.4':
    resolution: {integrity: sha512-bBy69pgfhMGtCnwpC/x5QhfxAz/cBgQ9enbtwjf6V9lnPI/hMyT9iWpR1arm0l3kttTr4L0KSLpKmLp/ilKS9A==}
    engines: {node: '>=18'}
    cpu: [arm64]
    os: [android]

  '@esbuild/android-arm@0.25.4':
    resolution: {integrity: sha512-QNdQEps7DfFwE3hXiU4BZeOV68HHzYwGd0Nthhd3uCkkEKK7/R6MTgM0P7H7FAs5pU/DIWsviMmEGxEoxIZ+ZQ==}
    engines: {node: '>=18'}
    cpu: [arm]
    os: [android]

  '@esbuild/android-x64@0.25.4':
    resolution: {integrity: sha512-TVhdVtQIFuVpIIR282btcGC2oGQoSfZfmBdTip2anCaVYcqWlZXGcdcKIUklfX2wj0JklNYgz39OBqh2cqXvcQ==}
    engines: {node: '>=18'}
    cpu: [x64]
    os: [android]

  '@esbuild/darwin-arm64@0.25.4':
    resolution: {integrity: sha512-Y1giCfM4nlHDWEfSckMzeWNdQS31BQGs9/rouw6Ub91tkK79aIMTH3q9xHvzH8d0wDru5Ci0kWB8b3up/nl16g==}
    engines: {node: '>=18'}
    cpu: [arm64]
    os: [darwin]

  '@esbuild/darwin-x64@0.25.4':
    resolution: {integrity: sha512-CJsry8ZGM5VFVeyUYB3cdKpd/H69PYez4eJh1W/t38vzutdjEjtP7hB6eLKBoOdxcAlCtEYHzQ/PJ/oU9I4u0A==}
    engines: {node: '>=18'}
    cpu: [x64]
    os: [darwin]

  '@esbuild/freebsd-arm64@0.25.4':
    resolution: {integrity: sha512-yYq+39NlTRzU2XmoPW4l5Ifpl9fqSk0nAJYM/V/WUGPEFfek1epLHJIkTQM6bBs1swApjO5nWgvr843g6TjxuQ==}
    engines: {node: '>=18'}
    cpu: [arm64]
    os: [freebsd]

  '@esbuild/freebsd-x64@0.25.4':
    resolution: {integrity: sha512-0FgvOJ6UUMflsHSPLzdfDnnBBVoCDtBTVyn/MrWloUNvq/5SFmh13l3dvgRPkDihRxb77Y17MbqbCAa2strMQQ==}
    engines: {node: '>=18'}
    cpu: [x64]
    os: [freebsd]

  '@esbuild/linux-arm64@0.25.4':
    resolution: {integrity: sha512-+89UsQTfXdmjIvZS6nUnOOLoXnkUTB9hR5QAeLrQdzOSWZvNSAXAtcRDHWtqAUtAmv7ZM1WPOOeSxDzzzMogiQ==}
    engines: {node: '>=18'}
    cpu: [arm64]
    os: [linux]

  '@esbuild/linux-arm@0.25.4':
    resolution: {integrity: sha512-kro4c0P85GMfFYqW4TWOpvmF8rFShbWGnrLqlzp4X1TNWjRY3JMYUfDCtOxPKOIY8B0WC8HN51hGP4I4hz4AaQ==}
    engines: {node: '>=18'}
    cpu: [arm]
    os: [linux]

  '@esbuild/linux-ia32@0.25.4':
    resolution: {integrity: sha512-yTEjoapy8UP3rv8dB0ip3AfMpRbyhSN3+hY8mo/i4QXFeDxmiYbEKp3ZRjBKcOP862Ua4b1PDfwlvbuwY7hIGQ==}
    engines: {node: '>=18'}
    cpu: [ia32]
    os: [linux]

  '@esbuild/linux-loong64@0.25.4':
    resolution: {integrity: sha512-NeqqYkrcGzFwi6CGRGNMOjWGGSYOpqwCjS9fvaUlX5s3zwOtn1qwg1s2iE2svBe4Q/YOG1q6875lcAoQK/F4VA==}
    engines: {node: '>=18'}
    cpu: [loong64]
    os: [linux]

  '@esbuild/linux-mips64el@0.25.4':
    resolution: {integrity: sha512-IcvTlF9dtLrfL/M8WgNI/qJYBENP3ekgsHbYUIzEzq5XJzzVEV/fXY9WFPfEEXmu3ck2qJP8LG/p3Q8f7Zc2Xg==}
    engines: {node: '>=18'}
    cpu: [mips64el]
    os: [linux]

  '@esbuild/linux-ppc64@0.25.4':
    resolution: {integrity: sha512-HOy0aLTJTVtoTeGZh4HSXaO6M95qu4k5lJcH4gxv56iaycfz1S8GO/5Jh6X4Y1YiI0h7cRyLi+HixMR+88swag==}
    engines: {node: '>=18'}
    cpu: [ppc64]
    os: [linux]

  '@esbuild/linux-riscv64@0.25.4':
    resolution: {integrity: sha512-i8JUDAufpz9jOzo4yIShCTcXzS07vEgWzyX3NH2G7LEFVgrLEhjwL3ajFE4fZI3I4ZgiM7JH3GQ7ReObROvSUA==}
    engines: {node: '>=18'}
    cpu: [riscv64]
    os: [linux]

  '@esbuild/linux-s390x@0.25.4':
    resolution: {integrity: sha512-jFnu+6UbLlzIjPQpWCNh5QtrcNfMLjgIavnwPQAfoGx4q17ocOU9MsQ2QVvFxwQoWpZT8DvTLooTvmOQXkO51g==}
    engines: {node: '>=18'}
    cpu: [s390x]
    os: [linux]

  '@esbuild/linux-x64@0.25.4':
    resolution: {integrity: sha512-6e0cvXwzOnVWJHq+mskP8DNSrKBr1bULBvnFLpc1KY+d+irZSgZ02TGse5FsafKS5jg2e4pbvK6TPXaF/A6+CA==}
    engines: {node: '>=18'}
    cpu: [x64]
    os: [linux]

  '@esbuild/netbsd-arm64@0.25.4':
    resolution: {integrity: sha512-vUnkBYxZW4hL/ie91hSqaSNjulOnYXE1VSLusnvHg2u3jewJBz3YzB9+oCw8DABeVqZGg94t9tyZFoHma8gWZQ==}
    engines: {node: '>=18'}
    cpu: [arm64]
    os: [netbsd]

  '@esbuild/netbsd-x64@0.25.4':
    resolution: {integrity: sha512-XAg8pIQn5CzhOB8odIcAm42QsOfa98SBeKUdo4xa8OvX8LbMZqEtgeWE9P/Wxt7MlG2QqvjGths+nq48TrUiKw==}
    engines: {node: '>=18'}
    cpu: [x64]
    os: [netbsd]

  '@esbuild/openbsd-arm64@0.25.4':
    resolution: {integrity: sha512-Ct2WcFEANlFDtp1nVAXSNBPDxyU+j7+tId//iHXU2f/lN5AmO4zLyhDcpR5Cz1r08mVxzt3Jpyt4PmXQ1O6+7A==}
    engines: {node: '>=18'}
    cpu: [arm64]
    os: [openbsd]

  '@esbuild/openbsd-x64@0.25.4':
    resolution: {integrity: sha512-xAGGhyOQ9Otm1Xu8NT1ifGLnA6M3sJxZ6ixylb+vIUVzvvd6GOALpwQrYrtlPouMqd/vSbgehz6HaVk4+7Afhw==}
    engines: {node: '>=18'}
    cpu: [x64]
    os: [openbsd]

  '@esbuild/sunos-x64@0.25.4':
    resolution: {integrity: sha512-Mw+tzy4pp6wZEK0+Lwr76pWLjrtjmJyUB23tHKqEDP74R3q95luY/bXqXZeYl4NYlvwOqoRKlInQialgCKy67Q==}
    engines: {node: '>=18'}
    cpu: [x64]
    os: [sunos]

  '@esbuild/win32-arm64@0.25.4':
    resolution: {integrity: sha512-AVUP428VQTSddguz9dO9ngb+E5aScyg7nOeJDrF1HPYu555gmza3bDGMPhmVXL8svDSoqPCsCPjb265yG/kLKQ==}
    engines: {node: '>=18'}
    cpu: [arm64]
    os: [win32]

  '@esbuild/win32-ia32@0.25.4':
    resolution: {integrity: sha512-i1sW+1i+oWvQzSgfRcxxG2k4I9n3O9NRqy8U+uugaT2Dy7kLO9Y7wI72haOahxceMX8hZAzgGou1FhndRldxRg==}
    engines: {node: '>=18'}
    cpu: [ia32]
    os: [win32]

  '@esbuild/win32-x64@0.25.4':
    resolution: {integrity: sha512-nOT2vZNw6hJ+z43oP1SPea/G/6AbN6X+bGNhNuq8NtRHy4wsMhw765IKLNmnjek7GvjWBYQ8Q5VBoYTFg9y1UQ==}
    engines: {node: '>=18'}
    cpu: [x64]
    os: [win32]

  '@sinclair/typebox@0.34.33':
    resolution: {integrity: sha512-5HAV9exOMcXRUxo+9iYB5n09XxzCXnfy4VTNW4xnDv+FgjzAGY989C28BIdljKqmF+ZltUwujE3aossvcVtq6g==}

  '@twurple/api-call@7.3.0':
    resolution: {integrity: sha512-nx389kXjVphAeR3RfnzkRRf7Qa45wqHla067/mr3YxnUICCg4YOFv0Jb5UohQGHkj5h18mDZ3iUu/x2J49c1lA==}

  '@twurple/api@7.3.0':
    resolution: {integrity: sha512-QtaVgYi50E3AB/Nxivjou/u6w1cuQ6g4R8lzQawYDaQNtlP2Ue8vvYuSp2PfxSpe8vNiKhgV8hZAs+j4V29sxQ==}
    peerDependencies:
      '@twurple/auth': 7.3.0

  '@twurple/auth@7.3.0':
    resolution: {integrity: sha512-K68nFbQswfaEVCWP2MEPcxhHRR/N8kIHBP6AnRXzgSpmvWxhjOitz9oyP04di5DI1rJE+2NRauv1qFDyYia/qg==}

  '@twurple/chat@7.3.0':
    resolution: {integrity: sha512-9tdIzDMsLzlI6oybT+yH+HgV5AFAA2ye20Nvbpb73CSVVXljoguCyrHCR0cMMlYJp4wce3pQud5W/DUNmoxKCw==}
    peerDependencies:
      '@twurple/auth': 7.3.0

  '@twurple/common@7.3.0':
    resolution: {integrity: sha512-BGNniY7PBIohxfpRQ1bsOxUaktZcXZOExq8ojCtnsNBVDlchNEX2fYsere03ZwTLd48XBtxsdaUaeQXbx1aXLw==}

  '@twurple/eventsub-base@7.3.0':
    resolution: {integrity: sha512-Wc/3qpyFfyvjabk/tQJVjAke+ixp5QWUT7LsuU+kMcCf46jsRQMB3InoXsZMRgX5sD1frBZzxUEJ7ujhxb8Ngw==}

  '@twurple/eventsub-ws@7.3.0':
    resolution: {integrity: sha512-jtIMdW/atTrn5Eo3XGS8Lw0EIsK3GQsZGJDLYRwqw2bCV8ZnQoZ8YaXUJb5Wd+gebUfeBr4j7mvZlGc+Wkp17w==}
    peerDependencies:
      '@twurple/api': 7.3.0

  '@types/node@22.15.17':
    resolution: {integrity: sha512-wIX2aSZL5FE+MR0JlvF87BNVrtFWf6AE6rxSE9X7OwnVvoyCQjpzSRJ+M87se/4QCkCiebQAqrJ0y6fwIyi7nw==}

  '@types/tmi.js@1.8.6':
    resolution: {integrity: sha512-LVzNK7AxTMyh9qHLanAQR1o0I9XzfbIcXk85cx85igmCJHHO1Sm71sdhQ8Mj1WmRGzynPIoCXx6mVaFynWbsQw==}

  '@types/ws@8.18.1':
    resolution: {integrity: sha512-ThVF6DCVhA8kUGy+aazFQ4kXQ7E1Ty7A3ypFOe0IcJV8O/M511G99AW24irKrW56Wt44yG9+ij8FaqoBGkuBXg==}

  avsc@5.7.7:
    resolution: {integrity: sha512-9cYNccliXZDByFsFliVwk5GvTq058Fj513CiR4E60ndDwmuXzTJEp/Bp8FyuRmGyYupLjHLs+JA9/CBoVS4/NQ==}
    engines: {node: '>=0.11'}

  collections@5.1.13:
    resolution: {integrity: sha512-SCb6Qd+d3Z02corWQ7/mqXiXeeTdHvkP6TeFSYfGYdCFp1WrjSNZ3j6y8Y3T/7osGEe0iOcU2g1d346l99m4Lg==}

  esbuild@0.25.4:
    resolution: {integrity: sha512-8pgjLUcUjcgDg+2Q4NYXnPbo/vncAY4UmyaCm0jZevERqCHZIaWwdJHkf8XQtu4AxSKCdvrUbT0XUr1IdZzI8Q==}
    engines: {node: '>=18'}
    hasBin: true

  fsevents@2.3.3:
    resolution: {integrity: sha512-5xoDfX+fL7faATnagmWPpbFtwh/R77WmMMqqHGS65C3vvB0YHrgF+B1YmZ3441tMj5n63k0212XNoJwzlhffQw==}
    engines: {node: ^8.16.0 || ^10.6.0 || >=11.0.0}
    os: [darwin]

  get-tsconfig@4.10.0:
    resolution: {integrity: sha512-kGzZ3LWWQcGIAmg6iWvXn0ei6WDtV26wzHRMwDSzmAbcXrTEXxHy6IehI6/4eT6VRKyMP1eF1VqwrVUmE/LR7A==}

  immer@10.1.1:
    resolution: {integrity: sha512-s2MPrmjovJcoMaHtx6K11Ra7oD05NT97w1IC5zpMkT6Atjr7H8LjaDd81iIxUYpMKSRRNMJE703M1Fhr/TctHw==}

  ircv3@0.33.0:
    resolution: {integrity: sha512-7rK1Aial3LBiFycE8w3MHiBBFb41/2GG2Ll/fR2IJj1vx0pLpn1s+78K+z/I4PZTqCCSp/Sb4QgKMh3NMhx0Kg==}

  klona@2.0.6:
    resolution: {integrity: sha512-dhG34DXATL5hSxJbIexCft8FChFXtmskoZYnoPWjXQuebWYCNkVeV3KkGegCK9CP1oswI/vQibS2GY7Em/sJJA==}
    engines: {node: '>= 8'}

  mnemonist@0.40.3:
    resolution: {integrity: sha512-Vjyr90sJ23CKKH/qPAgUKicw/v6pRoamxIEDFOF8uSgFME7DqPRpHgRTejWVjkdGg5dXj0/NyxZHZ9bcjH+2uQ==}

  node-fetch@2.7.0:
    resolution: {integrity: sha512-c4FRfUm/dbcWZ7U+1Wq0AwCyFL+3nt2bEw05wfxSz+DWpWsitgmSgYmy2dQdWyKC1694ELPqMs/YzUSNozLt8A==}
    engines: {node: 4.x || >=6.0.0}
    peerDependencies:
      encoding: ^0.1.0
    peerDependenciesMeta:
      encoding:
        optional: true

  obliterator@2.0.5:
    resolution: {integrity: sha512-42CPE9AhahZRsMNslczq0ctAEtqk8Eka26QofnqC346BZdHDySk3LWka23LI7ULIw11NmltpiLagIq8gBozxTw==}

  prettier@3.5.3:
    resolution: {integrity: sha512-QQtaxnoDJeAkDvDKWCLiwIXkTgRhwYDEQCghU9Z6q03iyek/rxRh/2lC3HB7P8sWT2xC/y5JDctPLBIGzHKbhw==}
    engines: {node: '>=14'}
    hasBin: true

  resolve-pkg-maps@1.0.0:
    resolution: {integrity: sha512-seS2Tj26TBVOC2NIc2rOe2y2ZO7efxITtLZcGSOnHHNOQ7CkiUBfw0Iw2ck6xkIhPwLhKNLS8BO+hEpngQlqzw==}

  retry@0.13.1:
    resolution: {integrity: sha512-XQBQ3I8W1Cge0Seh+6gjj03LbmRFWuoszgK9ooCpwYIrhhoO80pfq4cUkU5DkknwfOfFteRwlZ56PYOGYyFWdg==}
    engines: {node: '>= 4'}

  simple-backoff@1.1.0:
    resolution: {integrity: sha512-3eB7B9fmtgXVlwkaKLYLreq2CNHn5/6rtU5A5WmMUAqjMDMFBZmFTUcH7AByDaS1GeJH2ouiXo4Exmr3Si3R4g==}

  simple-token-bucket@2.0.1:
    resolution: {integrity: sha512-XU2ML4JTA35sUCZaq7uj9rx0QW6J/2oBcy5geBBrpHcnfv12oq/ghUcTx2H3ne/Qzpo/rhQNU/LSsQJ+kQ53Jw==}

  tmi.js@1.8.5:
    resolution: {integrity: sha512-A9qrydfe1e0VWM9MViVhhxVgvLpnk7pFShVUWePsSTtoi+A1X+Zjdoa7OJd7/YsgHXGj3GkNEvnWop/1WwZuew==}
    engines: {node: '>=10.0.0'}

  tr46@0.0.3:
    resolution: {integrity: sha512-N3WMsuqV66lT30CrXNbEjx4GEwlow3v6rr4mCcv6prnfwhS01rkgyFdjPNBYd9br7LpXV1+Emh01fHnq2Gdgrw==}

  tslib@2.8.1:
    resolution: {integrity: sha512-oJFu94HQb+KVduSUQL7wnpmqnfmLsOA/nAh6b6EH0wCEoK0/mPeXU6c3wKDV83MkOuHPRHtSXKKU99IBazS/2w==}

  tsx@4.19.4:
    resolution: {integrity: sha512-gK5GVzDkJK1SI1zwHf32Mqxf2tSJkNx+eYcNly5+nHvWqXUJYUkWBQtKauoESz3ymezAI++ZwT855x5p5eop+Q==}
    engines: {node: '>=18.0.0'}
    hasBin: true

  typescript@5.8.3:
    resolution: {integrity: sha512-p1diW6TqL9L07nNxvRMM7hMMw4c5XOo/1ibL4aAIGmSAt9slTE1Xgw5KWuof2uTOvCg9BY7ZRi+GaF+7sfgPeQ==}
    engines: {node: '>=14.17'}
    hasBin: true

  undici-types@6.21.0:
    resolution: {integrity: sha512-iwDZqg0QAGrg9Rav5H4n0M64c3mkR59cJ6wQp+7C4nI0gsmExaedaYLNO44eT4AtBBwjbTiGPMlt2Md0T9H9JQ==}

  weak-map@1.0.8:
    resolution: {integrity: sha512-lNR9aAefbGPpHO7AEnY0hCFjz1eTkWCXYvkTRrTHs9qv8zJp+SkVYpzfLIFXQQiG3tVvbNFQgVg2bQS8YGgxyw==}

  webidl-conversions@3.0.1:
    resolution: {integrity: sha512-2JAn3z8AR6rjK8Sm8orRC0h/bcl/DqL7tRPdGZ4I1CjdF+EaMLmYxBHyXuKL849eucPFhvBoxMsflfOb8kxaeQ==}

  whatwg-url@5.0.0:
    resolution: {integrity: sha512-saE57nupxk6v3HY35+jzBwYa0rKSy0XR8JSxZPwgLr7ys0IBzhGviA1/TUGJLmSVqs8pb9AnvICXEuOHLprYTw==}

  ws@8.18.2:
    resolution: {integrity: sha512-DMricUmwGZUVr++AEAe2uiVM7UoO9MAVZMDu05UQOaUII0lp+zOzLLU4Xqh/JvTqklB1T4uELaaPBKyjE1r4fQ==}
    engines: {node: '>=10.0.0'}
    peerDependencies:
      bufferutil: ^4.0.1
      utf-8-validate: '>=5.0.2'
    peerDependenciesMeta:
      bufferutil:
        optional: true
      utf-8-validate:
        optional: true

snapshots:

  '@d-fischer/cache-decorators@4.0.1':
    dependencies:
      '@d-fischer/shared-utils': 3.6.4
      tslib: 2.8.1

  '@d-fischer/connection@9.0.0':
    dependencies:
      '@d-fischer/isomorphic-ws': 7.0.2(ws@8.18.2)
      '@d-fischer/logger': 4.2.3
      '@d-fischer/shared-utils': 3.6.4
      '@d-fischer/typed-event-emitter': 3.3.3
      '@types/ws': 8.18.1
      tslib: 2.8.1
      ws: 8.18.2
    transitivePeerDependencies:
      - bufferutil
      - utf-8-validate

  '@d-fischer/cross-fetch@5.0.5':
    dependencies:
      node-fetch: 2.7.0
    transitivePeerDependencies:
      - encoding

  '@d-fischer/deprecate@2.0.2': {}

  '@d-fischer/detect-node@3.0.1': {}

  '@d-fischer/escape-string-regexp@5.0.0': {}

  '@d-fischer/isomorphic-ws@7.0.2(ws@8.18.2)':
    dependencies:
      ws: 8.18.2

  '@d-fischer/logger@4.2.3':
    dependencies:
      '@d-fischer/detect-node': 3.0.1
      '@d-fischer/shared-utils': 3.6.4
      tslib: 2.8.1

  '@d-fischer/qs@7.0.2': {}

  '@d-fischer/rate-limiter@1.1.0':
    dependencies:
      '@d-fischer/logger': 4.2.3
      '@d-fischer/shared-utils': 3.6.4
      tslib: 2.8.1

  '@d-fischer/shared-utils@3.6.4':
    dependencies:
      tslib: 2.8.1

  '@d-fischer/typed-event-emitter@3.3.3':
    dependencies:
      tslib: 2.8.1

  '@esbuild/aix-ppc64@0.25.4':
    optional: true

  '@esbuild/android-arm64@0.25.4':
    optional: true

  '@esbuild/android-arm@0.25.4':
    optional: true

  '@esbuild/android-x64@0.25.4':
    optional: true

  '@esbuild/darwin-arm64@0.25.4':
    optional: true

  '@esbuild/darwin-x64@0.25.4':
    optional: true

  '@esbuild/freebsd-arm64@0.25.4':
    optional: true

  '@esbuild/freebsd-x64@0.25.4':
    optional: true

  '@esbuild/linux-arm64@0.25.4':
    optional: true

  '@esbuild/linux-arm@0.25.4':
    optional: true

  '@esbuild/linux-ia32@0.25.4':
    optional: true

  '@esbuild/linux-loong64@0.25.4':
    optional: true

  '@esbuild/linux-mips64el@0.25.4':
    optional: true

  '@esbuild/linux-ppc64@0.25.4':
    optional: true

  '@esbuild/linux-riscv64@0.25.4':
    optional: true

  '@esbuild/linux-s390x@0.25.4':
    optional: true

  '@esbuild/linux-x64@0.25.4':
    optional: true

  '@esbuild/netbsd-arm64@0.25.4':
    optional: true

  '@esbuild/netbsd-x64@0.25.4':
    optional: true

  '@esbuild/openbsd-arm64@0.25.4':
    optional: true

  '@esbuild/openbsd-x64@0.25.4':
    optional: true

  '@esbuild/sunos-x64@0.25.4':
    optional: true

  '@esbuild/win32-arm64@0.25.4':
    optional: true

  '@esbuild/win32-ia32@0.25.4':
    optional: true

  '@esbuild/win32-x64@0.25.4':
    optional: true

  '@sinclair/typebox@0.34.33': {}

  '@twurple/api-call@7.3.0':
    dependencies:
      '@d-fischer/cross-fetch': 5.0.5
      '@d-fischer/qs': 7.0.2
      '@d-fischer/shared-utils': 3.6.4
      '@twurple/common': 7.3.0
      tslib: 2.8.1
    transitivePeerDependencies:
      - encoding

  '@twurple/api@7.3.0(@twurple/auth@7.3.0)':
    dependencies:
      '@d-fischer/cache-decorators': 4.0.1
      '@d-fischer/cross-fetch': 5.0.5
      '@d-fischer/detect-node': 3.0.1
      '@d-fischer/logger': 4.2.3
      '@d-fischer/rate-limiter': 1.1.0
      '@d-fischer/shared-utils': 3.6.4
      '@d-fischer/typed-event-emitter': 3.3.3
      '@twurple/api-call': 7.3.0
      '@twurple/auth': 7.3.0
      '@twurple/common': 7.3.0
      retry: 0.13.1
      tslib: 2.8.1
    transitivePeerDependencies:
      - encoding

  '@twurple/auth@7.3.0':
    dependencies:
      '@d-fischer/logger': 4.2.3
      '@d-fischer/shared-utils': 3.6.4
      '@d-fischer/typed-event-emitter': 3.3.3
      '@twurple/api-call': 7.3.0
      '@twurple/common': 7.3.0
      tslib: 2.8.1
    transitivePeerDependencies:
      - encoding

  '@twurple/chat@7.3.0(@twurple/auth@7.3.0)':
    dependencies:
      '@d-fischer/cache-decorators': 4.0.1
      '@d-fischer/deprecate': 2.0.2
      '@d-fischer/logger': 4.2.3
      '@d-fischer/rate-limiter': 1.1.0
      '@d-fischer/shared-utils': 3.6.4
      '@d-fischer/typed-event-emitter': 3.3.3
      '@twurple/auth': 7.3.0
      '@twurple/common': 7.3.0
      ircv3: 0.33.0
      tslib: 2.8.1
    transitivePeerDependencies:
      - bufferutil
      - utf-8-validate

  '@twurple/common@7.3.0':
    dependencies:
      '@d-fischer/shared-utils': 3.6.4
      klona: 2.0.6
      tslib: 2.8.1

  '@twurple/eventsub-base@7.3.0':
    dependencies:
      '@d-fischer/logger': 4.2.3
      '@d-fischer/shared-utils': 3.6.4
      '@d-fischer/typed-event-emitter': 3.3.3
      '@twurple/api': 7.3.0(@twurple/auth@7.3.0)
      '@twurple/auth': 7.3.0
      '@twurple/common': 7.3.0
      tslib: 2.8.1
    transitivePeerDependencies:
      - encoding

  '@twurple/eventsub-ws@7.3.0(@twurple/api@7.3.0(@twurple/auth@7.3.0))':
    dependencies:
      '@d-fischer/connection': 9.0.0
      '@d-fischer/logger': 4.2.3
      '@d-fischer/shared-utils': 3.6.4
      '@d-fischer/typed-event-emitter': 3.3.3
      '@twurple/api': 7.3.0(@twurple/auth@7.3.0)
      '@twurple/auth': 7.3.0
      '@twurple/common': 7.3.0
      '@twurple/eventsub-base': 7.3.0
      tslib: 2.8.1
    transitivePeerDependencies:
      - bufferutil
      - encoding
      - utf-8-validate

  '@types/node@22.15.17':
    dependencies:
      undici-types: 6.21.0

  '@types/tmi.js@1.8.6': {}

  '@types/ws@8.18.1':
    dependencies:
      '@types/node': 22.15.17

  avsc@5.7.7: {}

  collections@5.1.13:
    dependencies:
      weak-map: 1.0.8

  esbuild@0.25.4:
    optionalDependencies:
      '@esbuild/aix-ppc64': 0.25.4
      '@esbuild/android-arm': 0.25.4
      '@esbuild/android-arm64': 0.25.4
      '@esbuild/android-x64': 0.25.4
      '@esbuild/darwin-arm64': 0.25.4
      '@esbuild/darwin-x64': 0.25.4
      '@esbuild/freebsd-arm64': 0.25.4
      '@esbuild/freebsd-x64': 0.25.4
      '@esbuild/linux-arm': 0.25.4
      '@esbuild/linux-arm64': 0.25.4
      '@esbuild/linux-ia32': 0.25.4
      '@esbuild/linux-loong64': 0.25.4
      '@esbuild/linux-mips64el': 0.25.4
      '@esbuild/linux-ppc64': 0.25.4
      '@esbuild/linux-riscv64': 0.25.4
      '@esbuild/linux-s390x': 0.25.4
      '@esbuild/linux-x64': 0.25.4
      '@esbuild/netbsd-arm64': 0.25.4
      '@esbuild/netbsd-x64': 0.25.4
      '@esbuild/openbsd-arm64': 0.25.4
      '@esbuild/openbsd-x64': 0.25.4
      '@esbuild/sunos-x64': 0.25.4
      '@esbuild/win32-arm64': 0.25.4
      '@esbuild/win32-ia32': 0.25.4
      '@esbuild/win32-x64': 0.25.4

  fsevents@2.3.3:
    optional: true

  get-tsconfig@4.10.0:
    dependencies:
      resolve-pkg-maps: 1.0.0

  immer@10.1.1: {}

  ircv3@0.33.0:
    dependencies:
      '@d-fischer/connection': 9.0.0
      '@d-fischer/escape-string-regexp': 5.0.0
      '@d-fischer/logger': 4.2.3
      '@d-fischer/shared-utils': 3.6.4
      '@d-fischer/typed-event-emitter': 3.3.3
      klona: 2.0.6
      tslib: 2.8.1
    transitivePeerDependencies:
      - bufferutil
      - utf-8-validate

  klona@2.0.6: {}

  mnemonist@0.40.3:
    dependencies:
      obliterator: 2.0.5

  node-fetch@2.7.0:
    dependencies:
      whatwg-url: 5.0.0

  obliterator@2.0.5: {}

  prettier@3.5.3: {}

  resolve-pkg-maps@1.0.0: {}

  retry@0.13.1: {}

  simple-backoff@1.1.0: {}

  simple-token-bucket@2.0.1: {}

  tmi.js@1.8.5:
    dependencies:
      node-fetch: 2.7.0
      ws: 8.18.2
    transitivePeerDependencies:
      - bufferutil
      - encoding
      - utf-8-validate

  tr46@0.0.3: {}

  tslib@2.8.1: {}

  tsx@4.19.4:
    dependencies:
      esbuild: 0.25.4
      get-tsconfig: 4.10.0
    optionalDependencies:
      fsevents: 2.3.3

  typescript@5.8.3: {}

  undici-types@6.21.0: {}

  weak-map@1.0.8: {}

  webidl-conversions@3.0.1: {}

  whatwg-url@5.0.0:
    dependencies:
      tr46: 0.0.3
      webidl-conversions: 3.0.1

  ws@8.18.2: {}
